// !$*UTF8*$!
{
	archiveVersion = 1;
	classes = {
	};
	objectVersion = 46;
	objects = {

/* Begin PBXBuildFile section */
		90C9439C1B3330C70036C314 /* AppDelegate.swift in Sources */ = {isa = PBXBuildFile; fileRef = 90C9439B1B3330C70036C314 /* AppDelegate.swift */; };
		90C9439E1B3330C70036C314 /* ViewController.swift in Sources */ = {isa = PBXBuildFile; fileRef = 90C9439D1B3330C70036C314 /* ViewController.swift */; };
		90C943A11B3330C70036C314 /* Main.storyboard in Resources */ = {isa = PBXBuildFile; fileRef = 90C9439F1B3330C70036C314 /* Main.storyboard */; };
		90C943A31B3330C70036C314 /* Images.xcassets in Resources */ = {isa = PBXBuildFile; fileRef = 90C943A21B3330C70036C314 /* Images.xcassets */; };
		90C943A61B3330C70036C314 /* LaunchScreen.xib in Resources */ = {isa = PBXBuildFile; fileRef = 90C943A41B3330C70036C314 /* LaunchScreen.xib */; };
		90C943B21B3330C70036C314 /* DrawingTests.swift in Sources */ = {isa = PBXBuildFile; fileRef = 90C943B11B3330C70036C314 /* DrawingTests.swift */; };
		90C943BC1B3331E30036C314 /* DrawView.swift in Sources */ = {isa = PBXBuildFile; fileRef = 90C943BB1B3331E30036C314 /* DrawView.swift */; };
		90C943BE1B3333BC0036C314 /* Line.swift in Sources */ = {isa = PBXBuildFile; fileRef = 90C943BD1B3333BC0036C314 /* Line.swift */; };
		90FD52471B36A0180080AF16 /* StampViewController.swift in Sources */ = {isa = PBXBuildFile; fileRef = 90FD52461B36A0180080AF16 /* StampViewController.swift */; };
/* End PBXBuildFile section */

/* Begin PBXContainerItemProxy section */
		90C943AC1B3330C70036C314 /* PBXContainerItemProxy */ = {
			isa = PBXContainerItemProxy;
			containerPortal = 90C9438E1B3330C60036C314 /* Project object */;
			proxyType = 1;
			remoteGlobalIDString = 90C943951B3330C60036C314;
			remoteInfo = Drawing;
		};
/* End PBXContainerItemProxy section */

/* Begin PBXFileReference section */
		90C943961B3330C60036C314 /* Drawing.app */ = {isa = PBXFileReference; explicitFileType = wrapper.application; includeInIndex = 0; path = Drawing.app; sourceTree = BUILT_PRODUCTS_DIR; };
		90C9439A1B3330C70036C314 /* Info.plist */ = {isa = PBXFileReference; lastKnownFileType = text.plist.xml; path = Info.plist; sourceTree = "<group>"; };
		90C9439B1B3330C70036C314 /* AppDelegate.swift */ = {isa = PBXFileReference; lastKnownFileType = sourcecode.swift; path = AppDelegate.swift; sourceTree = "<group>"; };
		90C9439D1B3330C70036C314 /* ViewController.swift */ = {isa = PBXFileReference; lastKnownFileType = sourcecode.swift; path = ViewController.swift; sourceTree = "<group>"; };
		90C943A01B3330C70036C314 /* Base */ = {isa = PBXFileReference; lastKnownFileType = file.storyboard; name = Base; path = Base.lproj/Main.storyboard; sourceTree = "<group>"; };
		90C943A21B3330C70036C314 /* Images.xcassets */ = {isa = PBXFileReference; lastKnownFileType = folder.assetcatalog; path = Images.xcassets; sourceTree = "<group>"; };
		90C943A51B3330C70036C314 /* Base */ = {isa = PBXFileReference; lastKnownFileType = file.xib; name = Base; path = Base.lproj/LaunchScreen.xib; sourceTree = "<group>"; };
		90C943AB1B3330C70036C314 /* DrawingTests.xctest */ = {isa = PBXFileReference; explicitFileType = wrapper.cfbundle; includeInIndex = 0; path = DrawingTests.xctest; sourceTree = BUILT_PRODUCTS_DIR; };
		90C943B01B3330C70036C314 /* Info.plist */ = {isa = PBXFileReference; lastKnownFileType = text.plist.xml; path = Info.plist; sourceTree = "<group>"; };
		90C943B11B3330C70036C314 /* DrawingTests.swift */ = {isa = PBXFileReference; lastKnownFileType = sourcecode.swift; path = DrawingTests.swift; sourceTree = "<group>"; };
		90C943BB1B3331E30036C314 /* DrawView.swift */ = {isa = PBXFileReference; fileEncoding = 4; lastKnownFileType = sourcecode.swift; path = DrawView.swift; sourceTree = "<group>"; };
		90C943BD1B3333BC0036C314 /* Line.swift */ = {isa = PBXFileReference; fileEncoding = 4; lastKnownFileType = sourcecode.swift; path = Line.swift; sourceTree = "<group>"; };
		90FD52461B36A0180080AF16 /* StampViewController.swift */ = {isa = PBXFileReference; fileEncoding = 4; lastKnownFileType = sourcecode.swift; path = StampViewController.swift; sourceTree = "<group>"; };
/* End PBXFileReference section */

/* Begin PBXFrameworksBuildPhase section */
		90C943931B3330C60036C314 /* Frameworks */ = {
			isa = PBXFrameworksBuildPhase;
			buildActionMask = 2147483647;
			files = (
			);
			runOnlyForDeploymentPostprocessing = 0;
		};
		90C943A81B3330C70036C314 /* Frameworks */ = {
			isa = PBXFrameworksBuildPhase;
			buildActionMask = 2147483647;
			files = (
			);
			runOnlyForDeploymentPostprocessing = 0;
		};
/* End PBXFrameworksBuildPhase section */

/* Begin PBXGroup section */
		90C9438D1B3330C60036C314 = {
			isa = PBXGroup;
			children = (
				90C943981B3330C60036C314 /* Drawing */,
				90C943AE1B3330C70036C314 /* DrawingTests */,
				90C943971B3330C60036C314 /* Products */,
			);
			sourceTree = "<group>";
		};
		90C943971B3330C60036C314 /* Products */ = {
			isa = PBXGroup;
			children = (
				90C943961B3330C60036C314 /* Drawing.app */,
				90C943AB1B3330C70036C314 /* DrawingTests.xctest */,
			);
			name = Products;
			sourceTree = "<group>";
		};
		90C943981B3330C60036C314 /* Drawing */ = {
			isa = PBXGroup;
			children = (
				90C9439B1B3330C70036C314 /* AppDelegate.swift */,
				90C9439D1B3330C70036C314 /* ViewController.swift */,
				90FD52461B36A0180080AF16 /* StampViewController.swift */,
				90C943BB1B3331E30036C314 /* DrawView.swift */,
				90C943BD1B3333BC0036C314 /* Line.swift */,
				90C9439F1B3330C70036C314 /* Main.storyboard */,
				90C943A21B3330C70036C314 /* Images.xcassets */,
				90C943A41B3330C70036C314 /* LaunchScreen.xib */,
				90C943991B3330C70036C314 /* Supporting Files */,
			);
			path = Drawing;
			sourceTree = "<group>";
		};
		90C943991B3330C70036C314 /* Supporting Files */ = {
			isa = PBXGroup;
			children = (
				90C9439A1B3330C70036C314 /* Info.plist */,
			);
			name = "Supporting Files";
			sourceTree = "<group>";
		};
		90C943AE1B3330C70036C314 /* DrawingTests */ = {
			isa = PBXGroup;
			children = (
				90C943B11B3330C70036C314 /* DrawingTests.swift */,
				90C943AF1B3330C70036C314 /* Supporting Files */,
			);
			path = DrawingTests;
			sourceTree = "<group>";
		};
		90C943AF1B3330C70036C314 /* Supporting Files */ = {
			isa = PBXGroup;
			children = (
				90C943B01B3330C70036C314 /* Info.plist */,
			);
			name = "Supporting Files";
			sourceTree = "<group>";
		};
/* End PBXGroup section */

/* Begin PBXNativeTarget section */
		90C943951B3330C60036C314 /* Drawing */ = {
			isa = PBXNativeTarget;
			buildConfigurationList = 90C943B51B3330C70036C314 /* Build configuration list for PBXNativeTarget "Drawing" */;
			buildPhases = (
				90C943921B3330C60036C314 /* Sources */,
				90C943931B3330C60036C314 /* Frameworks */,
				90C943941B3330C60036C314 /* Resources */,
			);
			buildRules = (
			);
			dependencies = (
			);
			name = Drawing;
			productName = Drawing;
			productReference = 90C943961B3330C60036C314 /* Drawing.app */;
			productType = "com.apple.product-type.application";
		};
		90C943AA1B3330C70036C314 /* DrawingTests */ = {
			isa = PBXNativeTarget;
			buildConfigurationList = 90C943B81B3330C70036C314 /* Build configuration list for PBXNativeTarget "DrawingTests" */;
			buildPhases = (
				90C943A71B3330C70036C314 /* Sources */,
				90C943A81B3330C70036C314 /* Frameworks */,
				90C943A91B3330C70036C314 /* Resources */,
			);
			buildRules = (
			);
			dependencies = (
				90C943AD1B3330C70036C314 /* PBXTargetDependency */,
			);
			name = DrawingTests;
			productName = DrawingTests;
			productReference = 90C943AB1B3330C70036C314 /* DrawingTests.xctest */;
			productType = "com.apple.product-type.bundle.unit-test";
		};
/* End PBXNativeTarget section */

/* Begin PBXProject section */
		90C9438E1B3330C60036C314 /* Project object */ = {
			isa = PBXProject;
			attributes = {
				LastUpgradeCheck = 0630;
				ORGANIZATIONNAME = YoSakamoto;
				TargetAttributes = {
					90C943951B3330C60036C314 = {
						CreatedOnToolsVersion = 6.3.2;
					};
					90C943AA1B3330C70036C314 = {
						CreatedOnToolsVersion = 6.3.2;
						TestTargetID = 90C943951B3330C60036C314;
					};
				};
			};
			buildConfigurationList = 90C943911B3330C60036C314 /* Build configuration list for PBXProject "Drawing" */;
			compatibilityVersion = "Xcode 3.2";
			developmentRegion = English;
			hasScannedForEncodings = 0;
			knownRegions = (
				en,
				Base,
			);
			mainGroup = 90C9438D1B3330C60036C314;
			productRefGroup = 90C943971B3330C60036C314 /* Products */;
			projectDirPath = "";
			projectRoot = "";
			targets = (
				90C943951B3330C60036C314 /* Drawing */,
				90C943AA1B3330C70036C314 /* DrawingTests */,
			);
		};
/* End PBXProject section */

/* Begin PBXResourcesBuildPhase section */
		90C943941B3330C60036C314 /* Resources */ = {
			isa = PBXResourcesBuildPhase;
			buildActionMask = 2147483647;
			files = (
				90C943A11B3330C70036C314 /* Main.storyboard in Resources */,
				90C943A61B3330C70036C314 /* LaunchScreen.xib in Resources */,
				90C943A31B3330C70036C314 /* Images.xcassets in Resources */,
			);
			runOnlyForDeploymentPostprocessing = 0;
		};
		90C943A91B3330C70036C314 /* Resources */ = {
			isa = PBXResourcesBuildPhase;
			buildActionMask = 2147483647;
			files = (
			);
			runOnlyForDeploymentPostprocessing = 0;
		};
/* End PBXResourcesBuildPhase section */

/* Begin PBXSourcesBuildPhase section */
		90C943921B3330C60036C314 /* Sources */ = {
			isa = PBXSourcesBuildPhase;
			buildActionMask = 2147483647;
			files = (
				90C9439E1B3330C70036C314 /* ViewController.swift in Sources */,
				90C943BE1B3333BC0036C314 /* Line.swift in Sources */,
				90C9439C1B3330C70036C314 /* AppDelegate.swift in Sources */,
				90C943BC1B3331E30036C314 /* DrawView.swift in Sources */,
				90FD52471B36A0180080AF16 /* StampViewController.swift in Sources */,
			);
			runOnlyForDeploymentPostprocessing = 0;
		};
		90C943A71B3330C70036C314 /* Sources */ = {
			isa = PBXSourcesBuildPhase;
			buildActionMask = 2147483647;
			files = (
				90C943B21B3330C70036C314 /* DrawingTests.swift in Sources */,
			);
			runOnlyForDeploymentPostprocessing = 0;
		};
/* End PBXSourcesBuildPhase section */

/* Begin PBXTargetDependency section */
		90C943AD1B3330C70036C314 /* PBXTargetDependency */ = {
			isa = PBXTargetDependency;
			target = 90C943951B3330C60036C314 /* Drawing */;
			targetProxy = 90C943AC1B3330C70036C314 /* PBXContainerItemProxy */;
		};
/* End PBXTargetDependency section */

/* Begin PBXVariantGroup section */
		90C9439F1B3330C70036C314 /* Main.storyboard */ = {
			isa = PBXVariantGroup;
			children = (
				90C943A01B3330C70036C314 /* Base */,
			);
			name = Main.storyboard;
			sourceTree = "<group>";
		};
		90C943A41B3330C70036C314 /* LaunchScreen.xib */ = {
			isa = PBXVariantGroup;
			children = (
				90C943A51B3330C70036C314 /* Base */,
			);
			name = LaunchScreen.xib;
			sourceTree = "<group>";
		};
/* End PBXVariantGroup section */

/* Begin XCBuildConfiguration section */
		90C943B31B3330C70036C314 /* Debug */ = {
			isa = XCBuildConfiguration;
			buildSettings = {
				ALWAYS_SEARCH_USER_PATHS = NO;
				CLANG_CXX_LANGUAGE_STANDARD = "gnu++0x";
				CLANG_CXX_LIBRARY = "libc++";
				CLANG_ENABLE_MODULES = YES;
				CLANG_ENABLE_OBJC_ARC = YES;
				CLANG_WARN_BOOL_CONVERSION = YES;
				CLANG_WARN_CONSTANT_CONVERSION = YES;
				CLANG_WARN_DIRECT_OBJC_ISA_USAGE = YES_ERROR;
				CLANG_WARN_EMPTY_BODY = YES;
				CLANG_WARN_ENUM_CONVERSION = YES;
				CLANG_WARN_INT_CONVERSION = YES;
				CLANG_WARN_OBJC_ROOT_CLASS = YES_ERROR;
				CLANG_WARN_UNREACHABLE_CODE = YES;
				CLANG_WARN__DUPLICATE_METHOD_MATCH = YES;
				"CODE_SIGN_IDENTITY[sdk=iphoneos*]" = "iPhone Developer";
				COPY_PHASE_STRIP = NO;
				DEBUG_INFORMATION_FORMAT = "dwarf-with-dsym";
				ENABLE_STRICT_OBJC_MSGSEND = YES;
				GCC_C_LANGUAGE_STANDARD = gnu99;
				GCC_DYNAMIC_NO_PIC = NO;
				GCC_NO_COMMON_BLOCKS = YES;
				GCC_OPTIMIZATION_LEVEL = 0;
				GCC_PREPROCESSOR_DEFINITIONS = (
					"DEBUG=1",
					"$(inherited)",
				);
				GCC_SYMBOLS_PRIVATE_EXTERN = NO;
				GCC_WARN_64_TO_32_BIT_CONVERSION = YES;
				GCC_WARN_ABOUT_RETURN_TYPE = YES_ERROR;
				GCC_WARN_UNDECLARED_SELECTOR = YES;
				GCC_WARN_UNINITIALIZED_AUTOS = YES_AGGRESSIVE;
				GCC_WARN_UNUSED_FUNCTION = YES;
				GCC_WARN_UNUSED_VARIABLE = YES;
				IPHONEOS_DEPLOYMENT_TARGET = 8.3;
				MTL_ENABLE_DEBUG_INFO = YES;
				ONLY_ACTIVE_ARCH = YES;
				SDKROOT = iphoneos;
				SWIFT_OPTIMIZATION_LEVEL = "-Onone";
			};
			name = Debug;
		};
		90C943B41B3330C70036C314 /* Release */ = {
			isa = XCBuildConfiguration;
			buildSettings = {
				ALWAYS_SEARCH_USER_PATHS = NO;
				CLANG_CXX_LANGUAGE_STANDARD = "gnu++0x";
				CLANG_CXX_LIBRARY = "libc++";
				CLANG_ENABLE_MODULES = YES;
				CLANG_ENABLE_OBJC_ARC = YES;
				CLANG_WARN_BOOL_CONVERSION = YES;
				CLANG_WARN_CONSTANT_CONVERSION = YES;
				CLANG_WARN_DIRECT_OBJC_ISA_USAGE = YES_ERROR;
				CLANG_WARN_EMPTY_BODY = YES;
				CLANG_WARN_ENUM_CONVERSION = YES;
				CLANG_WARN_INT_CONVERSION = YES;
				CLANG_WARN_OBJC_ROOT_CLASS = YES_ERROR;
				CLANG_WARN_UNREACHABLE_CODE = YES;
				CLANG_WARN__DUPLICATE_METHOD_MATCH = YES;
				"CODE_SIGN_IDENTITY[sdk=iphoneos*]" = "iPhone Developer";
				COPY_PHASE_STRIP = NO;
				DEBUG_INFORMATION_FORMAT = "dwarf-with-dsym";
				ENABLE_NS_ASSERTIONS = NO;
				ENABLE_STRICT_OBJC_MSGSEND = YES;
				GCC_C_LANGUAGE_STANDARD = gnu99;
				GCC_NO_COMMON_BLOCKS = YES;
				GCC_WARN_64_TO_32_BIT_CONVERSION = YES;
				GCC_WARN_ABOUT_RETURN_TYPE = YES_ERROR;
				GCC_WARN_UNDECLARED_SELECTOR = YES;
				GCC_WARN_UNINITIALIZED_AUTOS = YES_AGGRESSIVE;
				GCC_WARN_UNUSED_FUNCTION = YES;
				GCC_WARN_UNUSED_VARIABLE = YES;
				IPHONEOS_DEPLOYMENT_TARGET = 8.3;
				MTL_ENABLE_DEBUG_INFO = NO;
				SDKROOT = iphoneos;
				VALIDATE_PRODUCT = YES;
			};
			name = Release;
		};
		90C943B61B3330C70036C314 /* Debug */ = {
			isa = XCBuildConfiguration;
			buildSettings = {
				ASSETCATALOG_COMPILER_APPICON_NAME = AppIcon;
				INFOPLIST_FILE = Drawing/Info.plist;
				LD_RUNPATH_SEARCH_PATHS = "$(inherited) @executable_path/Frameworks";
				PRODUCT_NAME = "$(TARGET_NAME)";
			};
			name = Debug;
		};
		90C943B71B3330C70036C314 /* Release */ = {
			isa = XCBuildConfiguration;
			buildSettings = {
				ASSETCATALOG_COMPILER_APPICON_NAME = AppIcon;
				INFOPLIST_FILE = Drawing/Info.plist;
				LD_RUNPATH_SEARCH_PATHS = "$(inherited) @executable_path/Frameworks";
				PRODUCT_NAME = "$(TARGET_NAME)";
			};
			name = Release;
		};
		90C943B91B3330C70036C314 /* Debug */ = {
			isa = XCBuildConfiguration;
			buildSettings = {
				BUNDLE_LOADER = "$(TEST_HOST)";
				FRAMEWORK_SEARCH_PATHS = (
					"$(SDKROOT)/Developer/Library/Frameworks",
					"$(inherited)",
				);
				GCC_PREPROCESSOR_DEFINITIONS = (
					"DEBUG=1",
					"$(inherited)",
				);
				INFOPLIST_FILE = DrawingTests/Info.plist;
				LD_RUNPATH_SEARCH_PATHS = "$(inherited) @executable_path/Frameworks @loader_path/Frameworks";
				PRODUCT_NAME = "$(TARGET_NAME)";
				TEST_HOST = "$(BUILT_PRODUCTS_DIR)/Drawing.app/Drawing";
			};
			name = Debug;
		};
		90C943BA1B3330C70036C314 /* Release */ = {
			isa = XCBuildConfiguration;
			buildSettings = {
				BUNDLE_LOADER = "$(TEST_HOST)";
				FRAMEWORK_SEARCH_PATHS = (
					"$(SDKROOT)/Developer/Library/Frameworks",
					"$(inherited)",
				);
				INFOPLIST_FILE = DrawingTests/Info.plist;
				LD_RUNPATH_SEARCH_PATHS = "$(inherited) @executable_path/Frameworks @loader_path/Frameworks";
				PRODUCT_NAME = "$(TARGET_NAME)";
				TEST_HOST = "$(BUILT_PRODUCTS_DIR)/Drawing.app/Drawing";
			};
			name = Release;
		};
/* End XCBuildConfiguration section */

/* Begin XCConfigurationList section */
		90C943911B3330C60036C314 /* Build configuration list for PBXProject "Drawing" */ = {
			isa = XCConfigurationList;
			buildConfigurations = (
				90C943B31B3330C70036C314 /* Debug */,
				90C943B41B3330C70036C314 /* Release */,
			);
			defaultConfigurationIsVisible = 0;
			defaultConfigurationName = Release;
		};
		90C943B51B3330C70036C314 /* Build configuration list for PBXNativeTarget "Drawing" */ = {
			isa = XCConfigurationList;
			buildConfigurations = (
				90C943B61B3330C70036C314 /* Debug */,
				90C943B71B3330C70036C314 /* Release */,
			);
			defaultConfigurationIsVisible = 0;
			defaultConfigurationName = Release;
		};
		90C943B81B3330C70036C314 /* Build configuration list for PBXNativeTarget "DrawingTests" */ = {
			isa = XCConfigurationList;
			buildConfigurations = (
				90C943B91B3330C70036C314 /* Debug */,
				90C943BA1B3330C70036C314 /* Release */,
			);
			defaultConfigurationIsVisible = 0;
			defaultConfigurationName = Release;
		};
/* End XCConfigurationList section */
	};
	rootObject = 90C9438E1B3330C60036C314 /* Project object */;
}
